
Microsoft Visual Studio Solution File, Format Version 12.00
# Visual Studio Version 16
VisualStudioVersion = 16.0.29319.158
MinimumVisualStudioVersion = 15.0.26124.0
Project("{2150E333-8FDC-42A3-9474-1A3956D46DE8}") = "src", "src", "{13D428F8-32EE-42B0-8895-BE6CAC53FBB1}"
EndProject
Project("{9A19103F-16F7-4668-BE54-9A1E7A4F7556}") = "BlazeEdit", "src\BlazeEdit\BlazeEdit.csproj", "{0C7D7B7C-F753-4AFF-BF9B-2B94B0C581C3}"
EndProject
Project("{2150E333-8FDC-42A3-9474-1A3956D46DE8}") = "samples", "samples", "{C79FC27A-DAF8-4E4C-8202-7A0A7FF77416}"
EndProject
Project("{9A19103F-16F7-4668-BE54-9A1E7A4F7556}") = "ClientSide", "samples\ClientSide\ClientSide.csproj", "{BB6BA2FD-2FD9-495C-B030-2F55024DA9CF}"
EndProject
Global
	GlobalSection(SolutionConfigurationPlatforms) = preSolution
		Debug|Any CPU = Debug|Any CPU
		Debug|x64 = Debug|x64
		Debug|x86 = Debug|x86
		Release|Any CPU = Release|Any CPU
		Release|x64 = Release|x64
		Release|x86 = Release|x86
	EndGlobalSection
	GlobalSection(ProjectConfigurationPlatforms) = postSolution
		{0C7D7B7C-F753-4AFF-BF9B-2B94B0C581C3}.Debug|Any CPU.ActiveCfg = Debug|Any CPU
		{0C7D7B7C-F753-4AFF-BF9B-2B94B0C581C3}.Debug|Any CPU.Build.0 = Debug|Any CPU
		{0C7D7B7C-F753-4AFF-BF9B-2B94B0C581C3}.Debug|x64.ActiveCfg = Debug|Any CPU
		{0C7D7B7C-F753-4AFF-BF9B-2B94B0C581C3}.Debug|x64.Build.0 = Debug|Any CPU
		{0C7D7B7C-F753-4AFF-BF9B-2B94B0C581C3}.Debug|x86.ActiveCfg = Debug|Any CPU
		{0C7D7B7C-F753-4AFF-BF9B-2B94B0C581C3}.Debug|x86.Build.0 = Debug|Any CPU
		{0C7D7B7C-F753-4AFF-BF9B-2B94B0C581C3}.Release|Any CPU.ActiveCfg = Release|Any CPU
		{0C7D7B7C-F753-4AFF-BF9B-2B94B0C581C3}.Release|Any CPU.Build.0 = Release|Any CPU
		{0C7D7B7C-F753-4AFF-BF9B-2B94B0C581C3}.Release|x64.ActiveCfg = Release|Any CPU
		{0C7D7B7C-F753-4AFF-BF9B-2B94B0C581C3}.Release|x64.Build.0 = Release|Any CPU
		{0C7D7B7C-F753-4AFF-BF9B-2B94B0C581C3}.Release|x86.ActiveCfg = Release|Any CPU
		{0C7D7B7C-F753-4AFF-BF9B-2B94B0C581C3}.Release|x86.Build.0 = Release|Any CPU
		{BB6BA2FD-2FD9-495C-B030-2F55024DA9CF}.Debug|Any CPU.ActiveCfg = Debug|Any CPU
		{BB6BA2FD-2FD9-495C-B030-2F55024DA9CF}.Debug|Any CPU.Build.0 = Debug|Any CPU
		{BB6BA2FD-2FD9-495C-B030-2F55024DA9CF}.Debug|x64.ActiveCfg = Debug|Any CPU
		{BB6BA2FD-2FD9-495C-B030-2F55024DA9CF}.Debug|x64.Build.0 = Debug|Any CPU
		{BB6BA2FD-2FD9-495C-B030-2F55024DA9CF}.Debug|x86.ActiveCfg = Debug|Any CPU
		{BB6BA2FD-2FD9-495C-B030-2F55024DA9CF}.Debug|x86.Build.0 = Debug|Any CPU
		{BB6BA2FD-2FD9-495C-B030-2F55024DA9CF}.Release|Any CPU.ActiveCfg = Release|Any CPU
		{BB6BA2FD-2FD9-495C-B030-2F55024DA9CF}.Release|Any CPU.Build.0 = Release|Any CPU
		{BB6BA2FD-2FD9-495C-B030-2F55024DA9CF}.Release|x64.ActiveCfg = Release|Any CPU
		{BB6BA2FD-2FD9-495C-B030-2F55024DA9CF}.Release|x64.Build.0 = Release|Any CPU
		{BB6BA2FD-2FD9-495C-B030-2F55024DA9CF}.Release|x86.ActiveCfg = Release|Any CPU
		{BB6BA2FD-2FD9-495C-B030-2F55024DA9CF}.Release|x86.Build.0 = Release|Any CPU
	EndGlobalSection
	GlobalSection(SolutionProperties) = preSolution
		HideSolutionNode = FALSE
	EndGlobalSection
	GlobalSection(NestedProjects) = preSolution
		{0C7D7B7C-F753-4AFF-BF9B-2B94B0C581C3} = {13D428F8-32EE-42B0-8895-BE6CAC53FBB1}
		{BB6BA2FD-2FD9-495C-B030-2F55024DA9CF} = {C79FC27A-DAF8-4E4C-8202-7A0A7FF77416}
	EndGlobalSection
	GlobalSection(ExtensibilityGlobals) = postSolution
		SolutionGuid = {02E3DC33-A0F9-401B-94ED-BC6DBA0D3171}
	EndGlobalSection
EndGlobal
